
Microsoft Visual Studio Solution File, Format Version 12.00
# Visual Studio Version 17
VisualStudioVersion = 17.13.35825.156 d17.13
MinimumVisualStudioVersion = 10.0.40219.1
Project("{2150E333-8FDC-42A3-9474-1A3956D46DE8}") = "src", "src", "{02EA681E-C7D8-13C7-8484-4AC65E1B71E8}"
EndProject
Project("{FAE04EC0-301F-11D3-BF4B-00C04F79EFBC}") = "Masasamjant.Repositories", "Masasamjant.Repositories\Masasamjant.Repositories.csproj", "{F47722C4-B9F3-40DE-8FBE-50541E792D71}"
EndProject
Global
	GlobalSection(SolutionConfigurationPlatforms) = preSolution
		Debug|Any CPU = Debug|Any CPU
		Release|Any CPU = Release|Any CPU
	EndGlobalSection
	GlobalSection(ProjectConfigurationPlatforms) = postSolution
		{F47722C4-B9F3-40DE-8FBE-50541E792D71}.Debug|Any CPU.ActiveCfg = Debug|Any CPU
		{F47722C4-B9F3-40DE-8FBE-50541E792D71}.Debug|Any CPU.Build.0 = Debug|Any CPU
		{F47722C4-B9F3-40DE-8FBE-50541E792D71}.Release|Any CPU.ActiveCfg = Release|Any CPU
		{F47722C4-B9F3-40DE-8FBE-50541E792D71}.Release|Any CPU.Build.0 = Release|Any CPU
	EndGlobalSection
	GlobalSection(SolutionProperties) = preSolution
		HideSolutionNode = FALSE
	EndGlobalSection
	GlobalSection(NestedProjects) = preSolution
		{F47722C4-B9F3-40DE-8FBE-50541E792D71} = {02EA681E-C7D8-13C7-8484-4AC65E1B71E8}
	EndGlobalSection
	GlobalSection(ExtensibilityGlobals) = postSolution
		SolutionGuid = {D11D5F1F-F72F-41C6-9110-77E264F39A1B}
	EndGlobalSection
EndGlobal
